// !$*UTF8*$!
{
	archiveVersion = 1;
	classes = {
	};
	objectVersion = 46;
	objects = {

/* Begin PBXBuildFile section */
		343E7146588541DB80EC1B36 /* libPods.a in Frameworks */ = {isa = PBXBuildFile; fileRef = 7016917E2DD947DA95DF3B6C /* libPods.a */; };
		934281D1195644BF0037454E /* MCLoginViewController.m in Sources */ = {isa = PBXBuildFile; fileRef = 934281CF195644BF0037454E /* MCLoginViewController.m */; };
		934281D2195644BF0037454E /* MCLoginViewController.xib in Resources */ = {isa = PBXBuildFile; fileRef = 934281D0195644BF0037454E /* MCLoginViewController.xib */; };
		934281DF19566B430037454E /* MCWelcomeViewController.m in Sources */ = {isa = PBXBuildFile; fileRef = 934281DD19566B430037454E /* MCWelcomeViewController.m */; };
		934281E019566B430037454E /* MCWelcomeViewController.xib in Resources */ = {isa = PBXBuildFile; fileRef = 934281DE19566B430037454E /* MCWelcomeViewController.xib */; };
		934281E419566FF00037454E /* MCPersonalViewController.m in Sources */ = {isa = PBXBuildFile; fileRef = 934281E219566FF00037454E /* MCPersonalViewController.m */; };
		934281E519566FF00037454E /* MCPersonalViewController.xib in Resources */ = {isa = PBXBuildFile; fileRef = 934281E319566FF00037454E /* MCPersonalViewController.xib */; };
		934281EE195672200037454E /* MCSkillsViewController.m in Sources */ = {isa = PBXBuildFile; fileRef = 934281EC195672200037454E /* MCSkillsViewController.m */; };
		934281EF195672200037454E /* MCSkillsViewController.xib in Resources */ = {isa = PBXBuildFile; fileRef = 934281ED195672200037454E /* MCSkillsViewController.xib */; };
		934281FA19568DC60037454E /* camera.png in Resources */ = {isa = PBXBuildFile; fileRef = 934281F919568DC60037454E /* camera.png */; };
		DD3F003D1956768F002A2C24 /* MCProfileManager.m in Sources */ = {isa = PBXBuildFile; fileRef = DD3F003C1956768F002A2C24 /* MCProfileManager.m */; };
		DD3F003F19568CA1002A2C24 /* MCMatchProfileView.xib in Resources */ = {isa = PBXBuildFile; fileRef = DD3F003E19568CA1002A2C24 /* MCMatchProfileView.xib */; };
		DD3F004519568F6F002A2C24 /* FacebookSDK.framework in Frameworks */ = {isa = PBXBuildFile; fileRef = DD3F004419568F6F002A2C24 /* FacebookSDK.framework */; };
		DD3F004719568F7D002A2C24 /* Social.framework in Frameworks */ = {isa = PBXBuildFile; fileRef = DD3F004619568F7D002A2C24 /* Social.framework */; };
		DD3F004919568F83002A2C24 /* Accounts.framework in Frameworks */ = {isa = PBXBuildFile; fileRef = DD3F004819568F83002A2C24 /* Accounts.framework */; };
		DD97798919563FFC00B2504D /* Foundation.framework in Frameworks */ = {isa = PBXBuildFile; fileRef = DD97798819563FFC00B2504D /* Foundation.framework */; };
		DD97798B19563FFC00B2504D /* CoreGraphics.framework in Frameworks */ = {isa = PBXBuildFile; fileRef = DD97798A19563FFC00B2504D /* CoreGraphics.framework */; };
		DD97798D19563FFC00B2504D /* UIKit.framework in Frameworks */ = {isa = PBXBuildFile; fileRef = DD97798C19563FFC00B2504D /* UIKit.framework */; };
		DD97799319563FFC00B2504D /* InfoPlist.strings in Resources */ = {isa = PBXBuildFile; fileRef = DD97799119563FFC00B2504D /* InfoPlist.strings */; };
		DD97799519563FFC00B2504D /* main.m in Sources */ = {isa = PBXBuildFile; fileRef = DD97799419563FFC00B2504D /* main.m */; };
		DD97799919563FFC00B2504D /* MCAppDelegate.m in Sources */ = {isa = PBXBuildFile; fileRef = DD97799819563FFC00B2504D /* MCAppDelegate.m */; };
		DD97799B19563FFC00B2504D /* Images.xcassets in Resources */ = {isa = PBXBuildFile; fileRef = DD97799A19563FFC00B2504D /* Images.xcassets */; };
		DD9779BE195642FC00B2504D /* MCDiscoverViewController.m in Sources */ = {isa = PBXBuildFile; fileRef = DD9779BD195642FC00B2504D /* MCDiscoverViewController.m */; };
		DD9779C11956439200B2504D /* MCProfileViewController.m in Sources */ = {isa = PBXBuildFile; fileRef = DD9779C01956439200B2504D /* MCProfileViewController.m */; };
		DD9779C7195645C200B2504D /* MCMatchesViewController.m in Sources */ = {isa = PBXBuildFile; fileRef = DD9779C6195645C200B2504D /* MCMatchesViewController.m */; };
		DD9779C91956467A00B2504D /* Parse.framework in Frameworks */ = {isa = PBXBuildFile; fileRef = DD9779C81956467A00B2504D /* Parse.framework */; };
		DD9779CB1956472900B2504D /* AudioToolbox.framework in Frameworks */ = {isa = PBXBuildFile; fileRef = DD9779CA1956472900B2504D /* AudioToolbox.framework */; };
		DD9779CD1956473100B2504D /* CFNetwork.framework in Frameworks */ = {isa = PBXBuildFile; fileRef = DD9779CC1956473100B2504D /* CFNetwork.framework */; };
		DD9779CF1956473B00B2504D /* CoreLocation.framework in Frameworks */ = {isa = PBXBuildFile; fileRef = DD9779CE1956473B00B2504D /* CoreLocation.framework */; };
		DD9779D11956474800B2504D /* libz.dylib in Frameworks */ = {isa = PBXBuildFile; fileRef = DD9779D01956474800B2504D /* libz.dylib */; };
		DD9779D31956476200B2504D /* MobileCoreServices.framework in Frameworks */ = {isa = PBXBuildFile; fileRef = DD9779D21956476200B2504D /* MobileCoreServices.framework */; };
		DD9779D51956477300B2504D /* QuartzCore.framework in Frameworks */ = {isa = PBXBuildFile; fileRef = DD9779D41956477300B2504D /* QuartzCore.framework */; };
		DD9779D71956477B00B2504D /* Security.framework in Frameworks */ = {isa = PBXBuildFile; fileRef = DD9779D61956477B00B2504D /* Security.framework */; };
		DD9779D91956478300B2504D /* StoreKit.framework in Frameworks */ = {isa = PBXBuildFile; fileRef = DD9779D81956478300B2504D /* StoreKit.framework */; };
		DD9779DB1956478C00B2504D /* SystemConfiguration.framework in Frameworks */ = {isa = PBXBuildFile; fileRef = DD9779DA1956478C00B2504D /* SystemConfiguration.framework */; };
		DD9779DE19564C4D00B2504D /* MCSwipeViewController.m in Sources */ = {isa = PBXBuildFile; fileRef = DD9779DD19564C4D00B2504D /* MCSwipeViewController.m */; };
		DD9779E119564D2700B2504D /* MCMatchProfileView.m in Sources */ = {isa = PBXBuildFile; fileRef = DD9779E019564D2700B2504D /* MCMatchProfileView.m */; };
/* End PBXBuildFile section */

/* Begin PBXFileReference section */
		7016917E2DD947DA95DF3B6C /* libPods.a */ = {isa = PBXFileReference; explicitFileType = archive.ar; includeInIndex = 0; path = libPods.a; sourceTree = BUILT_PRODUCTS_DIR; };
		934281CE195644BF0037454E /* MCLoginViewController.h */ = {isa = PBXFileReference; fileEncoding = 4; lastKnownFileType = sourcecode.c.h; name = MCLoginViewController.h; path = Classes/Controllers/MCLoginViewController.h; sourceTree = "<group>"; };
		934281CF195644BF0037454E /* MCLoginViewController.m */ = {isa = PBXFileReference; fileEncoding = 4; lastKnownFileType = sourcecode.c.objc; name = MCLoginViewController.m; path = Classes/Controllers/MCLoginViewController.m; sourceTree = "<group>"; };
		934281D0195644BF0037454E /* MCLoginViewController.xib */ = {isa = PBXFileReference; fileEncoding = 4; lastKnownFileType = file.xib; name = MCLoginViewController.xib; path = Classes/Controllers/MCLoginViewController.xib; sourceTree = "<group>"; };
		934281DC19566B430037454E /* MCWelcomeViewController.h */ = {isa = PBXFileReference; fileEncoding = 4; lastKnownFileType = sourcecode.c.h; name = MCWelcomeViewController.h; path = Classes/Controllers/MCWelcomeViewController.h; sourceTree = "<group>"; };
		934281DD19566B430037454E /* MCWelcomeViewController.m */ = {isa = PBXFileReference; fileEncoding = 4; lastKnownFileType = sourcecode.c.objc; name = MCWelcomeViewController.m; path = Classes/Controllers/MCWelcomeViewController.m; sourceTree = "<group>"; };
		934281DE19566B430037454E /* MCWelcomeViewController.xib */ = {isa = PBXFileReference; fileEncoding = 4; lastKnownFileType = file.xib; name = MCWelcomeViewController.xib; path = Classes/Controllers/MCWelcomeViewController.xib; sourceTree = "<group>"; };
		934281E119566FF00037454E /* MCPersonalViewController.h */ = {isa = PBXFileReference; fileEncoding = 4; lastKnownFileType = sourcecode.c.h; name = MCPersonalViewController.h; path = Classes/Controllers/MCPersonalViewController.h; sourceTree = "<group>"; };
		934281E219566FF00037454E /* MCPersonalViewController.m */ = {isa = PBXFileReference; fileEncoding = 4; lastKnownFileType = sourcecode.c.objc; name = MCPersonalViewController.m; path = Classes/Controllers/MCPersonalViewController.m; sourceTree = "<group>"; };
		934281E319566FF00037454E /* MCPersonalViewController.xib */ = {isa = PBXFileReference; fileEncoding = 4; lastKnownFileType = file.xib; name = MCPersonalViewController.xib; path = Classes/Controllers/MCPersonalViewController.xib; sourceTree = "<group>"; };
		934281EB195672200037454E /* MCSkillsViewController.h */ = {isa = PBXFileReference; fileEncoding = 4; lastKnownFileType = sourcecode.c.h; name = MCSkillsViewController.h; path = Classes/Controllers/MCSkillsViewController.h; sourceTree = "<group>"; };
		934281EC195672200037454E /* MCSkillsViewController.m */ = {isa = PBXFileReference; fileEncoding = 4; lastKnownFileType = sourcecode.c.objc; name = MCSkillsViewController.m; path = Classes/Controllers/MCSkillsViewController.m; sourceTree = "<group>"; };
		934281ED195672200037454E /* MCSkillsViewController.xib */ = {isa = PBXFileReference; fileEncoding = 4; lastKnownFileType = file.xib; name = MCSkillsViewController.xib; path = Classes/Controllers/MCSkillsViewController.xib; sourceTree = "<group>"; };
		934281F919568DC60037454E /* camera.png */ = {isa = PBXFileReference; lastKnownFileType = image.png; path = camera.png; sourceTree = "<group>"; };
		9A5838A15BD240C386E9EF3A /* Pods.xcconfig */ = {isa = PBXFileReference; includeInIndex = 1; lastKnownFileType = text.xcconfig; name = Pods.xcconfig; path = Pods/Pods.xcconfig; sourceTree = "<group>"; };
		DD3F003B1956768F002A2C24 /* MCProfileManager.h */ = {isa = PBXFileReference; fileEncoding = 4; lastKnownFileType = sourcecode.c.h; name = MCProfileManager.h; path = Classes/Models/MCProfileManager.h; sourceTree = "<group>"; };
		DD3F003C1956768F002A2C24 /* MCProfileManager.m */ = {isa = PBXFileReference; fileEncoding = 4; lastKnownFileType = sourcecode.c.objc; name = MCProfileManager.m; path = Classes/Models/MCProfileManager.m; sourceTree = "<group>"; };
		DD3F003E19568CA1002A2C24 /* MCMatchProfileView.xib */ = {isa = PBXFileReference; fileEncoding = 4; lastKnownFileType = file.xib; name = MCMatchProfileView.xib; path = Classes/Views/MCMatchProfileView.xib; sourceTree = "<group>"; };
		DD3F004419568F6F002A2C24 /* FacebookSDK.framework */ = {isa = PBXFileReference; lastKnownFileType = wrapper.framework; path = FacebookSDK.framework; sourceTree = "<group>"; };
		DD3F004619568F7D002A2C24 /* Social.framework */ = {isa = PBXFileReference; lastKnownFileType = wrapper.framework; name = Social.framework; path = System/Library/Frameworks/Social.framework; sourceTree = SDKROOT; };
		DD3F004819568F83002A2C24 /* Accounts.framework */ = {isa = PBXFileReference; lastKnownFileType = wrapper.framework; name = Accounts.framework; path = System/Library/Frameworks/Accounts.framework; sourceTree = SDKROOT; };
		DD97798519563FFC00B2504D /* a16z.app */ = {isa = PBXFileReference; explicitFileType = wrapper.application; includeInIndex = 0; path = a16z.app; sourceTree = BUILT_PRODUCTS_DIR; };
		DD97798819563FFC00B2504D /* Foundation.framework */ = {isa = PBXFileReference; lastKnownFileType = wrapper.framework; name = Foundation.framework; path = System/Library/Frameworks/Foundation.framework; sourceTree = SDKROOT; };
		DD97798A19563FFC00B2504D /* CoreGraphics.framework */ = {isa = PBXFileReference; lastKnownFileType = wrapper.framework; name = CoreGraphics.framework; path = System/Library/Frameworks/CoreGraphics.framework; sourceTree = SDKROOT; };
		DD97798C19563FFC00B2504D /* UIKit.framework */ = {isa = PBXFileReference; lastKnownFileType = wrapper.framework; name = UIKit.framework; path = System/Library/Frameworks/UIKit.framework; sourceTree = SDKROOT; };
		DD97799019563FFC00B2504D /* a16z-Info.plist */ = {isa = PBXFileReference; lastKnownFileType = text.plist.xml; path = "a16z-Info.plist"; sourceTree = "<group>"; };
		DD97799219563FFC00B2504D /* en */ = {isa = PBXFileReference; lastKnownFileType = text.plist.strings; name = en; path = en.lproj/InfoPlist.strings; sourceTree = "<group>"; };
		DD97799419563FFC00B2504D /* main.m */ = {isa = PBXFileReference; lastKnownFileType = sourcecode.c.objc; path = main.m; sourceTree = "<group>"; };
		DD97799619563FFC00B2504D /* a16z-Prefix.pch */ = {isa = PBXFileReference; lastKnownFileType = sourcecode.c.h; path = "a16z-Prefix.pch"; sourceTree = "<group>"; };
		DD97799719563FFC00B2504D /* MCAppDelegate.h */ = {isa = PBXFileReference; lastKnownFileType = sourcecode.c.h; path = MCAppDelegate.h; sourceTree = "<group>"; };
		DD97799819563FFC00B2504D /* MCAppDelegate.m */ = {isa = PBXFileReference; lastKnownFileType = sourcecode.c.objc; path = MCAppDelegate.m; sourceTree = "<group>"; };
		DD97799A19563FFC00B2504D /* Images.xcassets */ = {isa = PBXFileReference; lastKnownFileType = folder.assetcatalog; path = Images.xcassets; sourceTree = "<group>"; };
		DD9779BC195642FC00B2504D /* MCDiscoverViewController.h */ = {isa = PBXFileReference; fileEncoding = 4; lastKnownFileType = sourcecode.c.h; name = MCDiscoverViewController.h; path = Classes/Controllers/MCDiscoverViewController.h; sourceTree = "<group>"; };
		DD9779BD195642FC00B2504D /* MCDiscoverViewController.m */ = {isa = PBXFileReference; fileEncoding = 4; lastKnownFileType = sourcecode.c.objc; name = MCDiscoverViewController.m; path = Classes/Controllers/MCDiscoverViewController.m; sourceTree = "<group>"; };
		DD9779BF1956439200B2504D /* MCProfileViewController.h */ = {isa = PBXFileReference; fileEncoding = 4; lastKnownFileType = sourcecode.c.h; name = MCProfileViewController.h; path = Classes/Controllers/MCProfileViewController.h; sourceTree = "<group>"; };
		DD9779C01956439200B2504D /* MCProfileViewController.m */ = {isa = PBXFileReference; fileEncoding = 4; lastKnownFileType = sourcecode.c.objc; name = MCProfileViewController.m; path = Classes/Controllers/MCProfileViewController.m; sourceTree = "<group>"; };
		DD9779C5195645C200B2504D /* MCMatchesViewController.h */ = {isa = PBXFileReference; fileEncoding = 4; lastKnownFileType = sourcecode.c.h; name = MCMatchesViewController.h; path = Classes/Controllers/MCMatchesViewController.h; sourceTree = "<group>"; };
		DD9779C6195645C200B2504D /* MCMatchesViewController.m */ = {isa = PBXFileReference; fileEncoding = 4; lastKnownFileType = sourcecode.c.objc; name = MCMatchesViewController.m; path = Classes/Controllers/MCMatchesViewController.m; sourceTree = "<group>"; };
		DD9779C81956467A00B2504D /* Parse.framework */ = {isa = PBXFileReference; lastKnownFileType = wrapper.framework; path = Parse.framework; sourceTree = "<group>"; };
		DD9779CA1956472900B2504D /* AudioToolbox.framework */ = {isa = PBXFileReference; lastKnownFileType = wrapper.framework; name = AudioToolbox.framework; path = System/Library/Frameworks/AudioToolbox.framework; sourceTree = SDKROOT; };
		DD9779CC1956473100B2504D /* CFNetwork.framework */ = {isa = PBXFileReference; lastKnownFileType = wrapper.framework; name = CFNetwork.framework; path = System/Library/Frameworks/CFNetwork.framework; sourceTree = SDKROOT; };
		DD9779CE1956473B00B2504D /* CoreLocation.framework */ = {isa = PBXFileReference; lastKnownFileType = wrapper.framework; name = CoreLocation.framework; path = System/Library/Frameworks/CoreLocation.framework; sourceTree = SDKROOT; };
		DD9779D01956474800B2504D /* libz.dylib */ = {isa = PBXFileReference; lastKnownFileType = "compiled.mach-o.dylib"; name = libz.dylib; path = usr/lib/libz.dylib; sourceTree = SDKROOT; };
		DD9779D21956476200B2504D /* MobileCoreServices.framework */ = {isa = PBXFileReference; lastKnownFileType = wrapper.framework; name = MobileCoreServices.framework; path = System/Library/Frameworks/MobileCoreServices.framework; sourceTree = SDKROOT; };
		DD9779D41956477300B2504D /* QuartzCore.framework */ = {isa = PBXFileReference; lastKnownFileType = wrapper.framework; name = QuartzCore.framework; path = System/Library/Frameworks/QuartzCore.framework; sourceTree = SDKROOT; };
		DD9779D61956477B00B2504D /* Security.framework */ = {isa = PBXFileReference; lastKnownFileType = wrapper.framework; name = Security.framework; path = System/Library/Frameworks/Security.framework; sourceTree = SDKROOT; };
		DD9779D81956478300B2504D /* StoreKit.framework */ = {isa = PBXFileReference; lastKnownFileType = wrapper.framework; name = StoreKit.framework; path = System/Library/Frameworks/StoreKit.framework; sourceTree = SDKROOT; };
		DD9779DA1956478C00B2504D /* SystemConfiguration.framework */ = {isa = PBXFileReference; lastKnownFileType = wrapper.framework; name = SystemConfiguration.framework; path = System/Library/Frameworks/SystemConfiguration.framework; sourceTree = SDKROOT; };
		DD9779DC19564C4D00B2504D /* MCSwipeViewController.h */ = {isa = PBXFileReference; fileEncoding = 4; lastKnownFileType = sourcecode.c.h; name = MCSwipeViewController.h; path = Classes/Controllers/MCSwipeViewController.h; sourceTree = "<group>"; };
		DD9779DD19564C4D00B2504D /* MCSwipeViewController.m */ = {isa = PBXFileReference; fileEncoding = 4; lastKnownFileType = sourcecode.c.objc; name = MCSwipeViewController.m; path = Classes/Controllers/MCSwipeViewController.m; sourceTree = "<group>"; };
		DD9779DF19564D2700B2504D /* MCMatchProfileView.h */ = {isa = PBXFileReference; fileEncoding = 4; lastKnownFileType = sourcecode.c.h; name = MCMatchProfileView.h; path = Classes/Views/MCMatchProfileView.h; sourceTree = "<group>"; };
		DD9779E019564D2700B2504D /* MCMatchProfileView.m */ = {isa = PBXFileReference; fileEncoding = 4; lastKnownFileType = sourcecode.c.objc; name = MCMatchProfileView.m; path = Classes/Views/MCMatchProfileView.m; sourceTree = "<group>"; };
/* End PBXFileReference section */

/* Begin PBXFrameworksBuildPhase section */
		DD97798219563FFC00B2504D /* Frameworks */ = {
			isa = PBXFrameworksBuildPhase;
			buildActionMask = 2147483647;
			files = (
				DD3F004919568F83002A2C24 /* Accounts.framework in Frameworks */,
				DD3F004719568F7D002A2C24 /* Social.framework in Frameworks */,
				DD9779DB1956478C00B2504D /* SystemConfiguration.framework in Frameworks */,
				DD9779D91956478300B2504D /* StoreKit.framework in Frameworks */,
				DD9779D71956477B00B2504D /* Security.framework in Frameworks */,
				DD9779D51956477300B2504D /* QuartzCore.framework in Frameworks */,
				DD9779D31956476200B2504D /* MobileCoreServices.framework in Frameworks */,
				DD9779D11956474800B2504D /* libz.dylib in Frameworks */,
				DD9779CF1956473B00B2504D /* CoreLocation.framework in Frameworks */,
				DD9779CD1956473100B2504D /* CFNetwork.framework in Frameworks */,
				DD9779CB1956472900B2504D /* AudioToolbox.framework in Frameworks */,
				DD97798B19563FFC00B2504D /* CoreGraphics.framework in Frameworks */,
				DD97798D19563FFC00B2504D /* UIKit.framework in Frameworks */,
				DD3F004519568F6F002A2C24 /* FacebookSDK.framework in Frameworks */,
				DD9779C91956467A00B2504D /* Parse.framework in Frameworks */,
				DD97798919563FFC00B2504D /* Foundation.framework in Frameworks */,
				343E7146588541DB80EC1B36 /* libPods.a in Frameworks */,
			);
			runOnlyForDeploymentPostprocessing = 0;
		};
/* End PBXFrameworksBuildPhase section */

/* Begin PBXGroup section */
		934281F0195672240037454E /* MCSkills */ = {
			isa = PBXGroup;
			children = (
				934281EB195672200037454E /* MCSkillsViewController.h */,
				934281EC195672200037454E /* MCSkillsViewController.m */,
				934281ED195672200037454E /* MCSkillsViewController.xib */,
			);
			name = MCSkills;
			sourceTree = "<group>";
		};
		934281F1195672320037454E /* MCPersonal */ = {
			isa = PBXGroup;
			children = (
				934281E119566FF00037454E /* MCPersonalViewController.h */,
				934281E219566FF00037454E /* MCPersonalViewController.m */,
				934281E319566FF00037454E /* MCPersonalViewController.xib */,
			);
			name = MCPersonal;
			sourceTree = "<group>";
		};
		934281F21956723B0037454E /* MCWelcome */ = {
			isa = PBXGroup;
			children = (
				934281DC19566B430037454E /* MCWelcomeViewController.h */,
				934281DD19566B430037454E /* MCWelcomeViewController.m */,
				934281DE19566B430037454E /* MCWelcomeViewController.xib */,
			);
			name = MCWelcome;
			sourceTree = "<group>";
		};
		934281F3195672420037454E /* MCSwipe */ = {
			isa = PBXGroup;
			children = (
				DD9779DC19564C4D00B2504D /* MCSwipeViewController.h */,
				DD9779DD19564C4D00B2504D /* MCSwipeViewController.m */,
			);
			name = MCSwipe;
			sourceTree = "<group>";
		};
		934281F4195672470037454E /* MCMatches */ = {
			isa = PBXGroup;
			children = (
				DD9779C5195645C200B2504D /* MCMatchesViewController.h */,
				DD9779C6195645C200B2504D /* MCMatchesViewController.m */,
			);
			name = MCMatches;
			sourceTree = "<group>";
		};
		934281F51956724E0037454E /* MCLogin */ = {
			isa = PBXGroup;
			children = (
				934281D0195644BF0037454E /* MCLoginViewController.xib */,
				934281CE195644BF0037454E /* MCLoginViewController.h */,
				934281CF195644BF0037454E /* MCLoginViewController.m */,
			);
			name = MCLogin;
			sourceTree = "<group>";
		};
		934281F6195672580037454E /* MCProfile */ = {
			isa = PBXGroup;
			children = (
				DD9779BF1956439200B2504D /* MCProfileViewController.h */,
				DD9779C01956439200B2504D /* MCProfileViewController.m */,
			);
			name = MCProfile;
			sourceTree = "<group>";
		};
		934281F71956725C0037454E /* MCDiscover */ = {
			isa = PBXGroup;
			children = (
				DD9779BC195642FC00B2504D /* MCDiscoverViewController.h */,
				DD9779BD195642FC00B2504D /* MCDiscoverViewController.m */,
			);
			name = MCDiscover;
			sourceTree = "<group>";
		};
		934281F819568DB40037454E /* Images */ = {
			isa = PBXGroup;
			children = (
				934281F919568DC60037454E /* camera.png */,
			);
			name = Images;
			sourceTree = "<group>";
		};
		DD97797C19563FFC00B2504D = {
			isa = PBXGroup;
			children = (
				DD97798E19563FFC00B2504D /* a16z */,
				DD97798719563FFC00B2504D /* Frameworks */,
				DD97798619563FFC00B2504D /* Products */,
				9A5838A15BD240C386E9EF3A /* Pods.xcconfig */,
			);
			sourceTree = "<group>";
		};
		DD97798619563FFC00B2504D /* Products */ = {
			isa = PBXGroup;
			children = (
				DD97798519563FFC00B2504D /* a16z.app */,
			);
			name = Products;
			sourceTree = "<group>";
		};
		DD97798719563FFC00B2504D /* Frameworks */ = {
			isa = PBXGroup;
			children = (
				DD3F004819568F83002A2C24 /* Accounts.framework */,
				DD3F004619568F7D002A2C24 /* Social.framework */,
				DD3F004419568F6F002A2C24 /* FacebookSDK.framework */,
				DD9779DA1956478C00B2504D /* SystemConfiguration.framework */,
				DD9779D81956478300B2504D /* StoreKit.framework */,
				DD9779D61956477B00B2504D /* Security.framework */,
				DD9779D41956477300B2504D /* QuartzCore.framework */,
				DD9779D21956476200B2504D /* MobileCoreServices.framework */,
				DD9779D01956474800B2504D /* libz.dylib */,
				DD9779CE1956473B00B2504D /* CoreLocation.framework */,
				DD9779CC1956473100B2504D /* CFNetwork.framework */,
				DD9779CA1956472900B2504D /* AudioToolbox.framework */,
				DD9779C81956467A00B2504D /* Parse.framework */,
				DD97798819563FFC00B2504D /* Foundation.framework */,
				DD97798A19563FFC00B2504D /* CoreGraphics.framework */,
				DD97798C19563FFC00B2504D /* UIKit.framework */,
				7016917E2DD947DA95DF3B6C /* libPods.a */,
			);
			name = Frameworks;
			sourceTree = "<group>";
		};
		DD97798E19563FFC00B2504D /* a16z */ = {
			isa = PBXGroup;
			children = (
				DD9779B71956402400B2504D /* Classes */,
				DD9779BB1956403F00B2504D /* Resources */,
				DD97798F19563FFC00B2504D /* Supporting Files */,
			);
			path = a16z;
			sourceTree = "<group>";
		};
		DD97798F19563FFC00B2504D /* Supporting Files */ = {
			isa = PBXGroup;
			children = (
				DD97799019563FFC00B2504D /* a16z-Info.plist */,
				DD97799119563FFC00B2504D /* InfoPlist.strings */,
				DD97799419563FFC00B2504D /* main.m */,
				DD97799619563FFC00B2504D /* a16z-Prefix.pch */,
			);
			name = "Supporting Files";
			sourceTree = "<group>";
		};
		DD9779B71956402400B2504D /* Classes */ = {
			isa = PBXGroup;
			children = (
				DD97799719563FFC00B2504D /* MCAppDelegate.h */,
				DD97799819563FFC00B2504D /* MCAppDelegate.m */,
				DD9779BA1956403000B2504D /* Controllers */,
				DD9779B91956402C00B2504D /* Views */,
				DD9779B81956402800B2504D /* Models */,
			);
			name = Classes;
			sourceTree = "<group>";
		};
		DD9779B81956402800B2504D /* Models */ = {
			isa = PBXGroup;
			children = (
				DD3F003B1956768F002A2C24 /* MCProfileManager.h */,
				DD3F003C1956768F002A2C24 /* MCProfileManager.m */,
			);
			name = Models;
			sourceTree = "<group>";
		};
		DD9779B91956402C00B2504D /* Views */ = {
			isa = PBXGroup;
			children = (
				DD9779DF19564D2700B2504D /* MCMatchProfileView.h */,
				DD9779E019564D2700B2504D /* MCMatchProfileView.m */,
				DD3F003E19568CA1002A2C24 /* MCMatchProfileView.xib */,
			);
			name = Views;
			sourceTree = "<group>";
		};
		DD9779BA1956403000B2504D /* Controllers */ = {
			isa = PBXGroup;
			children = (
				934281F71956725C0037454E /* MCDiscover */,
				934281F6195672580037454E /* MCProfile */,
				934281F51956724E0037454E /* MCLogin */,
				934281F4195672470037454E /* MCMatches */,
				934281F3195672420037454E /* MCSwipe */,
				934281F21956723B0037454E /* MCWelcome */,
				934281F1195672320037454E /* MCPersonal */,
				934281F0195672240037454E /* MCSkills */,
			);
			name = Controllers;
			sourceTree = "<group>";
		};
		DD9779BB1956403F00B2504D /* Resources */ = {
			isa = PBXGroup;
			children = (
				934281F819568DB40037454E /* Images */,
				DD97799A19563FFC00B2504D /* Images.xcassets */,
			);
			name = Resources;
			sourceTree = "<group>";
		};
/* End PBXGroup section */

/* Begin PBXNativeTarget section */
		DD97798419563FFC00B2504D /* a16z */ = {
			isa = PBXNativeTarget;
			buildConfigurationList = DD9779B119563FFC00B2504D /* Build configuration list for PBXNativeTarget "a16z" */;
			buildPhases = (
				FA14FE56F7C94A17ABA9CC40 /* Check Pods Manifest.lock */,
				DD97798119563FFC00B2504D /* Sources */,
				DD97798219563FFC00B2504D /* Frameworks */,
				DD97798319563FFC00B2504D /* Resources */,
				48C4E50A34D74C36ADF7D435 /* Copy Pods Resources */,
			);
			buildRules = (
			);
			dependencies = (
			);
			name = a16z;
			productName = a16z;
			productReference = DD97798519563FFC00B2504D /* a16z.app */;
			productType = "com.apple.product-type.application";
		};
/* End PBXNativeTarget section */

/* Begin PBXProject section */
		DD97797D19563FFC00B2504D /* Project object */ = {
			isa = PBXProject;
			attributes = {
				LastUpgradeCheck = 0510;
				ORGANIZATIONNAME = "Comyar Zaheri";
			};
			buildConfigurationList = DD97798019563FFC00B2504D /* Build configuration list for PBXProject "a16z" */;
			compatibilityVersion = "Xcode 3.2";
			developmentRegion = English;
			hasScannedForEncodings = 0;
			knownRegions = (
				en,
			);
			mainGroup = DD97797C19563FFC00B2504D;
			productRefGroup = DD97798619563FFC00B2504D /* Products */;
			projectDirPath = "";
			projectRoot = "";
			targets = (
				DD97798419563FFC00B2504D /* a16z */,
			);
		};
/* End PBXProject section */

/* Begin PBXResourcesBuildPhase section */
		DD97798319563FFC00B2504D /* Resources */ = {
			isa = PBXResourcesBuildPhase;
			buildActionMask = 2147483647;
			files = (
				934281EF195672200037454E /* MCSkillsViewController.xib in Resources */,
				DD97799319563FFC00B2504D /* InfoPlist.strings in Resources */,
				934281E519566FF00037454E /* MCPersonalViewController.xib in Resources */,
				934281D2195644BF0037454E /* MCLoginViewController.xib in Resources */,
				DD97799B19563FFC00B2504D /* Images.xcassets in Resources */,
				DD3F003F19568CA1002A2C24 /* MCMatchProfileView.xib in Resources */,
				934281FA19568DC60037454E /* camera.png in Resources */,
				934281E019566B430037454E /* MCWelcomeViewController.xib in Resources */,
			);
			runOnlyForDeploymentPostprocessing = 0;
		};
/* End PBXResourcesBuildPhase section */

/* Begin PBXShellScriptBuildPhase section */
		48C4E50A34D74C36ADF7D435 /* Copy Pods Resources */ = {
			isa = PBXShellScriptBuildPhase;
			buildActionMask = 2147483647;
			files = (
			);
			inputPaths = (
			);
			name = "Copy Pods Resources";
			outputPaths = (
			);
			runOnlyForDeploymentPostprocessing = 0;
			shellPath = /bin/sh;
			shellScript = "\"${SRCROOT}/Pods/Pods-resources.sh\"\n";
			showEnvVarsInLog = 0;
		};
		FA14FE56F7C94A17ABA9CC40 /* Check Pods Manifest.lock */ = {
			isa = PBXShellScriptBuildPhase;
			buildActionMask = 2147483647;
			files = (
			);
			inputPaths = (
			);
			name = "Check Pods Manifest.lock";
			outputPaths = (
			);
			runOnlyForDeploymentPostprocessing = 0;
			shellPath = /bin/sh;
			shellScript = "diff \"${PODS_ROOT}/../Podfile.lock\" \"${PODS_ROOT}/Manifest.lock\" > /dev/null\nif [[ $? != 0 ]] ; then\n    cat << EOM\nerror: The sandbox is not in sync with the Podfile.lock. Run 'pod install' or update your CocoaPods installation.\nEOM\n    exit 1\nfi\n";
			showEnvVarsInLog = 0;
		};
/* End PBXShellScriptBuildPhase section */

/* Begin PBXSourcesBuildPhase section */
		DD97798119563FFC00B2504D /* Sources */ = {
			isa = PBXSourcesBuildPhase;
			buildActionMask = 2147483647;
			files = (
				934281EE195672200037454E /* MCSkillsViewController.m in Sources */,
				934281E419566FF00037454E /* MCPersonalViewController.m in Sources */,
				DD9779E119564D2700B2504D /* MCMatchProfileView.m in Sources */,
				934281DF19566B430037454E /* MCWelcomeViewController.m in Sources */,
				DD9779C11956439200B2504D /* MCProfileViewController.m in Sources */,
				DD97799919563FFC00B2504D /* MCAppDelegate.m in Sources */,
				DD97799519563FFC00B2504D /* main.m in Sources */,
				DD9779DE19564C4D00B2504D /* MCSwipeViewController.m in Sources */,
				934281D1195644BF0037454E /* MCLoginViewController.m in Sources */,
				DD9779C7195645C200B2504D /* MCMatchesViewController.m in Sources */,
				DD3F003D1956768F002A2C24 /* MCProfileManager.m in Sources */,
				DD9779BE195642FC00B2504D /* MCDiscoverViewController.m in Sources */,
			);
			runOnlyForDeploymentPostprocessing = 0;
		};
/* End PBXSourcesBuildPhase section */

/* Begin PBXVariantGroup section */
		DD97799119563FFC00B2504D /* InfoPlist.strings */ = {
			isa = PBXVariantGroup;
			children = (
				DD97799219563FFC00B2504D /* en */,
			);
			name = InfoPlist.strings;
			sourceTree = "<group>";
		};
/* End PBXVariantGroup section */

/* Begin XCBuildConfiguration section */
		DD9779AF19563FFC00B2504D /* Debug */ = {
			isa = XCBuildConfiguration;
			buildSettings = {
				ALWAYS_SEARCH_USER_PATHS = NO;
				CLANG_CXX_LANGUAGE_STANDARD = "gnu++0x";
				CLANG_CXX_LIBRARY = "libc++";
				CLANG_ENABLE_MODULES = YES;
				CLANG_ENABLE_OBJC_ARC = YES;
				CLANG_WARN_BOOL_CONVERSION = YES;
				CLANG_WARN_CONSTANT_CONVERSION = YES;
				CLANG_WARN_DIRECT_OBJC_ISA_USAGE = YES_ERROR;
				CLANG_WARN_EMPTY_BODY = YES;
				CLANG_WARN_ENUM_CONVERSION = YES;
				CLANG_WARN_INT_CONVERSION = YES;
				CLANG_WARN_OBJC_ROOT_CLASS = YES_ERROR;
				CLANG_WARN__DUPLICATE_METHOD_MATCH = YES;
				"CODE_SIGN_IDENTITY[sdk=iphoneos*]" = "iPhone Developer";
				COPY_PHASE_STRIP = NO;
				FRAMEWORK_SEARCH_PATHS = "$(SRCROOT)";
				GCC_C_LANGUAGE_STANDARD = gnu99;
				GCC_DYNAMIC_NO_PIC = NO;
				GCC_OPTIMIZATION_LEVEL = 0;
				GCC_PREPROCESSOR_DEFINITIONS = (
					"DEBUG=1",
					"$(inherited)",
				);
				GCC_SYMBOLS_PRIVATE_EXTERN = NO;
				GCC_WARN_64_TO_32_BIT_CONVERSION = YES;
				GCC_WARN_ABOUT_RETURN_TYPE = YES_ERROR;
				GCC_WARN_UNDECLARED_SELECTOR = YES;
				GCC_WARN_UNINITIALIZED_AUTOS = YES_AGGRESSIVE;
				GCC_WARN_UNUSED_FUNCTION = YES;
				GCC_WARN_UNUSED_VARIABLE = YES;
				IPHONEOS_DEPLOYMENT_TARGET = 7.1;
				ONLY_ACTIVE_ARCH = YES;
				OTHER_LDFLAGS = "";
				SDKROOT = iphoneos;
			};
			name = Debug;
		};
		DD9779B019563FFC00B2504D /* Release */ = {
			isa = XCBuildConfiguration;
			buildSettings = {
				ALWAYS_SEARCH_USER_PATHS = NO;
				CLANG_CXX_LANGUAGE_STANDARD = "gnu++0x";
				CLANG_CXX_LIBRARY = "libc++";
				CLANG_ENABLE_MODULES = YES;
				CLANG_ENABLE_OBJC_ARC = YES;
				CLANG_WARN_BOOL_CONVERSION = YES;
				CLANG_WARN_CONSTANT_CONVERSION = YES;
				CLANG_WARN_DIRECT_OBJC_ISA_USAGE = YES_ERROR;
				CLANG_WARN_EMPTY_BODY = YES;
				CLANG_WARN_ENUM_CONVERSION = YES;
				CLANG_WARN_INT_CONVERSION = YES;
				CLANG_WARN_OBJC_ROOT_CLASS = YES_ERROR;
				CLANG_WARN__DUPLICATE_METHOD_MATCH = YES;
				"CODE_SIGN_IDENTITY[sdk=iphoneos*]" = "iPhone Developer";
				COPY_PHASE_STRIP = YES;
				ENABLE_NS_ASSERTIONS = NO;
				FRAMEWORK_SEARCH_PATHS = "$(SRCROOT)";
				GCC_C_LANGUAGE_STANDARD = gnu99;
				GCC_WARN_64_TO_32_BIT_CONVERSION = YES;
				GCC_WARN_ABOUT_RETURN_TYPE = YES_ERROR;
				GCC_WARN_UNDECLARED_SELECTOR = YES;
				GCC_WARN_UNINITIALIZED_AUTOS = YES_AGGRESSIVE;
				GCC_WARN_UNUSED_FUNCTION = YES;
				GCC_WARN_UNUSED_VARIABLE = YES;
				IPHONEOS_DEPLOYMENT_TARGET = 7.1;
				OTHER_LDFLAGS = "";
				SDKROOT = iphoneos;
				VALIDATE_PRODUCT = YES;
			};
			name = Release;
		};
		DD9779B219563FFC00B2504D /* Debug */ = {
			isa = XCBuildConfiguration;
			baseConfigurationReference = 9A5838A15BD240C386E9EF3A /* Pods.xcconfig */;
			buildSettings = {
				ASSETCATALOG_COMPILER_APPICON_NAME = AppIcon;
				ASSETCATALOG_COMPILER_LAUNCHIMAGE_NAME = LaunchImage;
				FRAMEWORK_SEARCH_PATHS = (
					"$(SRCROOT)",
					"$(PROJECT_DIR)",
				);
				GCC_PRECOMPILE_PREFIX_HEADER = YES;
				GCC_PREFIX_HEADER = "a16z/a16z-Prefix.pch";
				INFOPLIST_FILE = "a16z/a16z-Info.plist";
				PRODUCT_NAME = "$(TARGET_NAME)";
				WRAPPER_EXTENSION = app;
			};
			name = Debug;
		};
		DD9779B319563FFC00B2504D /* Release */ = {
			isa = XCBuildConfiguration;
			baseConfigurationReference = 9A5838A15BD240C386E9EF3A /* Pods.xcconfig */;
			buildSettings = {
				ASSETCATALOG_COMPILER_APPICON_NAME = AppIcon;
				ASSETCATALOG_COMPILER_LAUNCHIMAGE_NAME = LaunchImage;
				FRAMEWORK_SEARCH_PATHS = (
					"$(SRCROOT)",
					"$(PROJECT_DIR)",
				);
				GCC_PRECOMPILE_PREFIX_HEADER = YES;
				GCC_PREFIX_HEADER = "a16z/a16z-Prefix.pch";
				INFOPLIST_FILE = "a16z/a16z-Info.plist";
				PRODUCT_NAME = "$(TARGET_NAME)";
				WRAPPER_EXTENSION = app;
			};
			name = Release;
		};
/* End XCBuildConfiguration section */

/* Begin XCConfigurationList section */
		DD97798019563FFC00B2504D /* Build configuration list for PBXProject "a16z" */ = {
			isa = XCConfigurationList;
			buildConfigurations = (
				DD9779AF19563FFC00B2504D /* Debug */,
				DD9779B019563FFC00B2504D /* Release */,
			);
			defaultConfigurationIsVisible = 0;
			defaultConfigurationName = Release;
		};
		DD9779B119563FFC00B2504D /* Build configuration list for PBXNativeTarget "a16z" */ = {
			isa = XCConfigurationList;
			buildConfigurations = (
				DD9779B219563FFC00B2504D /* Debug */,
				DD9779B319563FFC00B2504D /* Release */,
			);
			defaultConfigurationIsVisible = 0;
			defaultConfigurationName = Release;
		};
/* End XCConfigurationList section */
	};
	rootObject = DD97797D19563FFC00B2504D /* Project object */;
}
